github.com/bwmarrin/snowflake v0.3.0 h1:xm67bEhkKh6ij1790JB83OujPR5CzNe8QuQqAgISZN0=
github.com/bwmarrin/snowflake v0.3.0/go.mod h1:NdZxfVWX+oR6y2K0o6qAYv6gIOP9rjG0/E9WsDpxqwE=
github.com/golang/protobuf v1.3.2 h1:6nsPYzhq5kReh6QImI3k5qWzO4PEbvbIW2cwSfR/6xs=
github.com/golang/protobuf v1.3.2/go.mod h1:6lQm79b+lXiMfvg/cZm0SGofjICqVBUtrP5yJMmIC1U=
github.com/yingzhuo/go-cli/v2 v2.0.9 h1:2+p29/bQCTJ7rCdWz/AXRKAeRNizS8doQO0DtCXVU9g=
github.com/yingzhuo/go-cli/v2 v2.0.9/go.mod h1:DA8ZoQK7+fHVFCZgFEV5mwGVudCBF9nN87GHHKOFe3Y=
